
Microsoft Visual Studio Solution File, Format Version 12.00
# Visual Studio Version 17
VisualStudioVersion = 17.6.33723.286
MinimumVisualStudioVersion = 10.0.40219.1
Project("{FAE04EC0-301F-11D3-BF4B-00C04F79EFBC}") = "ToDoListApp.WPF", "ToDoListApp.WPF\ToDoListApp.WPF.csproj", "{5A6427F4-2390-49EB-912A-C2A2F57F9A64}"
EndProject
Global
	GlobalSection(SolutionConfigurationPlatforms) = preSolution
		Debug|Any CPU = Debug|Any CPU
		Release|Any CPU = Release|Any CPU
	EndGlobalSection
	GlobalSection(ProjectConfigurationPlatforms) = postSolution
		{5A6427F4-2390-49EB-912A-C2A2F57F9A64}.Debug|Any CPU.ActiveCfg = Debug|Any CPU
		{5A6427F4-2390-49EB-912A-C2A2F57F9A64}.Debug|Any CPU.Build.0 = Debug|Any CPU
		{5A6427F4-2390-49EB-912A-C2A2F57F9A64}.Release|Any CPU.ActiveCfg = Release|Any CPU
		{5A6427F4-2390-49EB-912A-C2A2F57F9A64}.Release|Any CPU.Build.0 = Release|Any CPU
	EndGlobalSection
	GlobalSection(SolutionProperties) = preSolution
		HideSolutionNode = FALSE
	EndGlobalSection
	GlobalSection(ExtensibilityGlobals) = postSolution
		SolutionGuid = {3035B649-371F-4524-9E80-53F1B1621E98}
	EndGlobalSection
EndGlobal
